
Microsoft Visual Studio Solution File, Format Version 12.00
# Visual Studio Version 17
VisualStudioVersion = 17.1.32328.378
MinimumVisualStudioVersion = 10.0.40219.1
Project("{9A19103F-16F7-4668-BE54-9A1E7A4F7556}") = "Domain", "Domain\Domain.csproj", "{8C0315F5-953C-430C-8DD9-2D5E0EA16072}"
EndProject
Project("{9A19103F-16F7-4668-BE54-9A1E7A4F7556}") = "Infrastructure", "Infrastructure\Infrastructure.csproj", "{AC164B12-2616-4E54-AA2D-C810ECCC49E0}"
EndProject
Project("{E53339B2-1760-4266-BCC7-CA923CBCF16C}") = "docker-compose", "docker-compose.dcproj", "{CAB44D0A-2590-4FB2-9B51-0F8E613F9519}"
EndProject
Project("{FAE04EC0-301F-11D3-BF4B-00C04F79EFBC}") = "API", "API\API.csproj", "{ADE24069-9AEB-4D88-9CDD-A22A6D84832C}"
EndProject
Global
	GlobalSection(SolutionConfigurationPlatforms) = preSolution
		Debug|Any CPU = Debug|Any CPU
		Release|Any CPU = Release|Any CPU
	EndGlobalSection
	GlobalSection(ProjectConfigurationPlatforms) = postSolution
		{8C0315F5-953C-430C-8DD9-2D5E0EA16072}.Debug|Any CPU.ActiveCfg = Debug|Any CPU
		{8C0315F5-953C-430C-8DD9-2D5E0EA16072}.Debug|Any CPU.Build.0 = Debug|Any CPU
		{8C0315F5-953C-430C-8DD9-2D5E0EA16072}.Release|Any CPU.ActiveCfg = Release|Any CPU
		{8C0315F5-953C-430C-8DD9-2D5E0EA16072}.Release|Any CPU.Build.0 = Release|Any CPU
		{AC164B12-2616-4E54-AA2D-C810ECCC49E0}.Debug|Any CPU.ActiveCfg = Debug|Any CPU
		{AC164B12-2616-4E54-AA2D-C810ECCC49E0}.Debug|Any CPU.Build.0 = Debug|Any CPU
		{AC164B12-2616-4E54-AA2D-C810ECCC49E0}.Release|Any CPU.ActiveCfg = Release|Any CPU
		{AC164B12-2616-4E54-AA2D-C810ECCC49E0}.Release|Any CPU.Build.0 = Release|Any CPU
		{CAB44D0A-2590-4FB2-9B51-0F8E613F9519}.Debug|Any CPU.ActiveCfg = Debug|Any CPU
		{CAB44D0A-2590-4FB2-9B51-0F8E613F9519}.Debug|Any CPU.Build.0 = Debug|Any CPU
		{CAB44D0A-2590-4FB2-9B51-0F8E613F9519}.Release|Any CPU.ActiveCfg = Release|Any CPU
		{CAB44D0A-2590-4FB2-9B51-0F8E613F9519}.Release|Any CPU.Build.0 = Release|Any CPU
		{ADE24069-9AEB-4D88-9CDD-A22A6D84832C}.Debug|Any CPU.ActiveCfg = Debug|Any CPU
		{ADE24069-9AEB-4D88-9CDD-A22A6D84832C}.Debug|Any CPU.Build.0 = Debug|Any CPU
		{ADE24069-9AEB-4D88-9CDD-A22A6D84832C}.Release|Any CPU.ActiveCfg = Release|Any CPU
		{ADE24069-9AEB-4D88-9CDD-A22A6D84832C}.Release|Any CPU.Build.0 = Release|Any CPU
	EndGlobalSection
	GlobalSection(SolutionProperties) = preSolution
		HideSolutionNode = FALSE
	EndGlobalSection
	GlobalSection(ExtensibilityGlobals) = postSolution
		SolutionGuid = {7F3D998F-ECCF-466C-8254-957959A743FA}
	EndGlobalSection
EndGlobal
